hash: b9542ba2141ffc420dee55a250f452e9abc73b3d8adc8a90d4fe44855d8551d5
updated: 2017-08-20T21:13:47.907370681+01:00
imports:
- name: github.com/esiqveland/notify
  version: 564c42ed9491326e30b1951d1e1b17c25e7b6ef2
- name: github.com/godbus/dbus
  version: 5f6efc7ef2759c81b7ba876593971bfce311eab3
- name: github.com/skratchdot/open-golang
  version: 75fb7ed4208cf72d323d7d02fd1a5964a7a9073c
  subpackages:
  - open
testImports: []
